
Microsoft Visual Studio Solution File, Format Version 12.00
# Visual Studio Version 17
VisualStudioVersion = 17.0.31903.59
MinimumVisualStudioVersion = 10.0.40219.1
Project("{2150E333-8FDC-42A3-9474-1A3956D46DE8}") = "Services", "Services", "{8E735241-B999-4BA8-B9B0-0F29A3AB19C2}"
EndProject
Project("{FAE04EC0-301F-11D3-BF4B-00C04F79EFBC}") = "DotNetMicro.Services.CouponAPI", "Services\CouponAPI\DotNetMicro.Services.CouponAPI.csproj", "{D60EC9BA-C4FD-4642-8D0A-37C2D979F3A1}"
EndProject
Global
	GlobalSection(SolutionConfigurationPlatforms) = preSolution
		Debug|Any CPU = Debug|Any CPU
		Release|Any CPU = Release|Any CPU
	EndGlobalSection
	GlobalSection(SolutionProperties) = preSolution
		HideSolutionNode = FALSE
	EndGlobalSection
	GlobalSection(ProjectConfigurationPlatforms) = postSolution
		{D60EC9BA-C4FD-4642-8D0A-37C2D979F3A1}.Debug|Any CPU.ActiveCfg = Debug|Any CPU
		{D60EC9BA-C4FD-4642-8D0A-37C2D979F3A1}.Debug|Any CPU.Build.0 = Debug|Any CPU
		{D60EC9BA-C4FD-4642-8D0A-37C2D979F3A1}.Release|Any CPU.ActiveCfg = Release|Any CPU
		{D60EC9BA-C4FD-4642-8D0A-37C2D979F3A1}.Release|Any CPU.Build.0 = Release|Any CPU
	EndGlobalSection
	GlobalSection(NestedProjects) = preSolution
		{D60EC9BA-C4FD-4642-8D0A-37C2D979F3A1} = {8E735241-B999-4BA8-B9B0-0F29A3AB19C2}
	EndGlobalSection
EndGlobal
